# THIS IS AN AUTOGENERATED FILE. DO NOT EDIT THIS FILE DIRECTLY.
# yarn lockfile v1


"@azure/abort-controller@^2.0.0":
  version "2.1.2"
  resolved "https://registry.yarnpkg.com/@azure/abort-controller/-/abort-controller-2.1.2.tgz#42fe0ccab23841d9905812c58f1082d27784566d"
  integrity sha512-nBrLsEWm4J2u5LpAPjxADTlq3trDgVZZXHNKabeXZtpq3d3AbN/KGO82R87rdDz5/lYB024rtEf10/q0urNgsA==
  dependencies:
    tslib "^2.6.2"

"@azure/core-auth@^1.5.0":
  version "1.7.2"
  resolved "https://registry.yarnpkg.com/@azure/core-auth/-/core-auth-1.7.2.tgz#558b7cb7dd12b00beec07ae5df5907d74df1ebd9"
  integrity sha512-Igm/S3fDYmnMq1uKS38Ae1/m37B3zigdlZw+kocwEhh5GjyKjPrXKO2J6rzpC1wAxrNil/jX9BJRqBshyjnF3g==
  dependencies:
    "@azure/abort-controller" "^2.0.0"
    "@azure/core-util" "^1.1.0"
    tslib "^2.6.2"

"@azure/core-util@^1.1.0":
  version "1.9.0"
  resolved "https://registry.yarnpkg.com/@azure/core-util/-/core-util-1.9.0.tgz#469afd7e6452d5388b189f90d33f7756b0b210d1"
  integrity sha512-AfalUQ1ZppaKuxPPMsFEUdX6GZPB3d9paR9d/TTL7Ow2De8cJaC7ibi7kWVlFAVPCYo31OcnGymc0R89DX8Oaw==
  dependencies:
    "@azure/abort-controller" "^2.0.0"
    tslib "^2.6.2"

"@microsoft/kiota-abstractions@1.0.0-preview.50":
  version "1.0.0-preview.50"
  resolved "https://registry.yarnpkg.com/@microsoft/kiota-abstractions/-/kiota-abstractions-1.0.0-preview.50.tgz#b6e816f351cea66a42e443cd7454fbb32d7baea2"
  integrity sha512-h30NZ/oPsPhIT+rmAmN2otMg06HgXzIYaJ568cl4MKuBdtKSNFjMnwcj+ed4NiiFZqNW5O6KwzTrkW260TrLIA==
  dependencies:
    "@opentelemetry/api" "^1.7.0"
    "@std-uritemplate/std-uritemplate" "^0.0.55"
    guid-typescript "^1.0.9"
    tinyduration "^3.3.0"
    tslib "^2.6.2"
    uuid "^9.0.1"

"@microsoft/kiota-abstractions@^1.0.0-preview.49", "@microsoft/kiota-abstractions@^1.0.0-preview.50":
  version "1.0.0-preview.51"
  resolved "https://registry.yarnpkg.com/@microsoft/kiota-abstractions/-/kiota-abstractions-1.0.0-preview.51.tgz#5a5e7242fc56fe1f9504ab42f34d53d87198ac80"
  integrity sha512-8KDHB2lwjG0DThWca9HTwUKZnKaKXTkGeKSpxhMbI6c/jCzHHmXlu3KigVx5vKl3YLJwdXwrPb92jjNVz0934g==
  dependencies:
    "@opentelemetry/api" "^1.7.0"
    "@std-uritemplate/std-uritemplate" "^0.0.57"
    guid-typescript "^1.0.9"
    tinyduration "^3.3.0"
    tslib "^2.6.2"
    uuid "^9.0.1"

"@microsoft/kiota-authentication-azure@1.0.0-preview.45":
  version "1.0.0-preview.45"
  resolved "https://registry.yarnpkg.com/@microsoft/kiota-authentication-azure/-/kiota-authentication-azure-1.0.0-preview.45.tgz#54c0718c9e16e9acdf34050ddc6df90239a2dcf3"
  integrity sha512-mIPZ5q3CK3frSLBJXjlnOBKqm5mNgxqB878Zjfec8mKL05kqw8BPQtR/nzy+Lb952+gFts+MJAeoy6erBdATAw==
  dependencies:
    "@azure/core-auth" "^1.5.0"
    "@microsoft/kiota-abstractions" "^1.0.0-preview.50"
    "@opentelemetry/api" "^1.7.0"
    tslib "^2.6.2"

"@microsoft/kiota-http-fetchlibrary@1.0.0-preview.49":
  version "1.0.0-preview.49"
  resolved "https://registry.yarnpkg.com/@microsoft/kiota-http-fetchlibrary/-/kiota-http-fetchlibrary-1.0.0-preview.49.tgz#41a7e018f40400e8c3a07a87058fdc577c0419de"
  integrity sha512-VMmks/fdDuARSSrSPeLsXAL07o//62YkrbwvIu4IA8elx+uwBrNmgGPVY/jk8FoSly8aW2ExlJxqch7EWwjXeQ==
  dependencies:
    "@microsoft/kiota-abstractions" "^1.0.0-preview.50"
    "@opentelemetry/api" "^1.7.0"
    guid-typescript "^1.0.9"
    tslib "^2.6.2"

"@microsoft/kiota-serialization-form@1.0.0-preview.39":
  version "1.0.0-preview.39"
  resolved "https://registry.yarnpkg.com/@microsoft/kiota-serialization-form/-/kiota-serialization-form-1.0.0-preview.39.tgz#479ce27842e1f714063269ef7eb5a3ff9f75fc29"
  integrity sha512-R7ZR0aMOuRCqefelRRzMTzLVhx7A4AynDkftEn2qunag7ouVpp6kG/PSRy9TSQjTwyZynCaVChSFWsRbc3LRQA==
  dependencies:
    "@microsoft/kiota-abstractions" "^1.0.0-preview.50"
    guid-typescript "^1.0.9"
    tslib "^2.6.2"

"@microsoft/kiota-serialization-json@1.0.0-preview.50":
  version "1.0.0-preview.50"
  resolved "https://registry.yarnpkg.com/@microsoft/kiota-serialization-json/-/kiota-serialization-json-1.0.0-preview.50.tgz#0cebc72d8c6b00daf9b6866dfc32dc15c2dd63f0"
  integrity sha512-IdhUVK3wH/3zgbTeg8xgd6RZncFQzkE1xqP0bCNEowg+OkXToxvrXi4b/u5t1VMHZNL+9SI/qH32x00GZhHK7Q==
  dependencies:
    "@microsoft/kiota-abstractions" "^1.0.0-preview.50"
    guid-typescript "^1.0.9"
    tslib "^2.6.2"

"@microsoft/kiota-serialization-multipart@1.0.0-preview.28":
  version "1.0.0-preview.28"
  resolved "https://registry.yarnpkg.com/@microsoft/kiota-serialization-multipart/-/kiota-serialization-multipart-1.0.0-preview.28.tgz#d61296793e8d22efba41d1c2d5beeeb200afc93b"
  integrity sha512-jRUug6G4/iA2sIF16buVdQVBTokplpsPudTiJsfyxXR057qeBdsEskrzWYlw2zqB0KzvWcNNt1i0GOu4amEgzQ==
  dependencies:
    "@microsoft/kiota-abstractions" "^1.0.0-preview.49"
    guid-typescript "^1.0.9"
    tslib "^2.6.2"

"@microsoft/kiota-serialization-text@1.0.0-preview.47":
  version "1.0.0-preview.47"
  resolved "https://registry.yarnpkg.com/@microsoft/kiota-serialization-text/-/kiota-serialization-text-1.0.0-preview.47.tgz#c36124d94efea3c14bd7905ff7b18182af788f2b"
  integrity sha512-AxNilSn86m5LB/Z1s89WFD+QZFq+ySgIHX1RtwfPzOMbKglEECpMUMDMqRPRpkKpA6jd/BPJ74dAap92PTurBQ==
  dependencies:
    "@microsoft/kiota-abstractions" "^1.0.0-preview.50"
    guid-typescript "^1.0.9"
    tslib "^2.6.2"

"@opentelemetry/api@^1.7.0":
  version "1.8.0"
  resolved "https://registry.yarnpkg.com/@opentelemetry/api/-/api-1.8.0.tgz#5aa7abb48f23f693068ed2999ae627d2f7d902ec"
  integrity sha512-I/s6F7yKUDdtMsoBWXJe8Qz40Tui5vsuKCWJEWVL+5q9sSWRzzx6v2KeNsOBEwd94j0eWkpWCH4yB6rZg9Mf0w==

"@std-uritemplate/std-uritemplate@^0.0.55":
  version "0.0.55"
  resolved "https://registry.yarnpkg.com/@std-uritemplate/std-uritemplate/-/std-uritemplate-0.0.55.tgz#a8e4d857d39515d74ec26d770ec30a3ae76f0f98"
  integrity sha512-zawaTail2WdTwy3OkzJPzQR9cCcF1LNlvo8ymDeaV9QL7Ku5Lf31dtOZUbDD5c70YVDG5QYPwEsWa7wiWS4zzw==

"@std-uritemplate/std-uritemplate@^0.0.57":
  version "0.0.57"
  resolved "https://registry.yarnpkg.com/@std-uritemplate/std-uritemplate/-/std-uritemplate-0.0.57.tgz#325c68bf915c788929a976c9bcf1590044eb244f"
  integrity sha512-tl79y8TIh4Wc1gar9Cv5cnTls7IY1EDSuiI/gM0kShAj2HcyukilPu2ppFIosgBNItTuE+5N5TZzVFu6tBCaDw==

guid-typescript@^1.0.9:
  version "1.0.9"
  resolved "https://registry.yarnpkg.com/guid-typescript/-/guid-typescript-1.0.9.tgz#e35f77003535b0297ea08548f5ace6adb1480ddc"
  integrity sha512-Y8T4vYhEfwJOTbouREvG+3XDsjr8E3kIr7uf+JZ0BYloFsttiHU0WfvANVsR7TxNUJa/WpCnw/Ino/p+DeBhBQ==

tinyduration@^3.3.0:
  version "3.3.0"
  resolved "https://registry.yarnpkg.com/tinyduration/-/tinyduration-3.3.0.tgz#f36ea583b9a0dd2027a1cf8810c931e37541fe80"
  integrity sha512-sLR0iVUnnnyGEX/a3jhTA0QMK7UvakBqQJFLiibiuEYL6U1L85W+qApTZj6DcL1uoWQntYuL0gExoe9NU5B3PA==

tslib@^2.6.2:
  version "2.6.2"
  resolved "https://registry.yarnpkg.com/tslib/-/tslib-2.6.2.tgz#703ac29425e7b37cd6fd456e92404d46d1f3e4ae"
  integrity sha512-AEYxH93jGFPn/a2iVAwW87VuUIkR1FVUKB77NwMF7nBTDkDrrT/Hpt/IrCJ0QXhW27jTBDcf5ZY7w6RiqTMw2Q==

typescript@^5.4.5:
  version "5.4.5"
  resolved "https://registry.yarnpkg.com/typescript/-/typescript-5.4.5.tgz#42ccef2c571fdbd0f6718b1d1f5e6e5ef006f611"
  integrity sha512-vcI4UpRgg81oIRUFwR0WSIHKt11nJ7SAVlYNIu+QpqeyXP+gpQJy/Z4+F0aGxSE4MqwjyXvW/TzgkLAx2AGHwQ==

uuid@^9.0.1:
  version "9.0.1"
  resolved "https://registry.yarnpkg.com/uuid/-/uuid-9.0.1.tgz#e188d4c8853cc722220392c424cd637f32293f30"
  integrity sha512-b+1eJOlsR9K8HJpow9Ok3fiWOWSIcIzXodvv0rQjVoOVNpWMpxf1wZNpt4y9h10odCNrqnYp1OBzRktckBe3sA==
